
Microsoft Visual Studio Solution File, Format Version 12.00
# Visual Studio Version 16
VisualStudioVersion = 16.0.30503.244
MinimumVisualStudioVersion = 10.0.40219.1
Project("{FAE04EC0-301F-11D3-BF4B-00C04F79EFBC}") = "num1", "num1\num1.csproj", "{B376446C-5689-43DA-AA12-3537B46E4D16}"
EndProject
Global
	GlobalSection(SolutionConfigurationPlatforms) = preSolution
		Debug|Any CPU = Debug|Any CPU
		Release|Any CPU = Release|Any CPU
	EndGlobalSection
	GlobalSection(ProjectConfigurationPlatforms) = postSolution
		{B376446C-5689-43DA-AA12-3537B46E4D16}.Debug|Any CPU.ActiveCfg = Debug|Any CPU
		{B376446C-5689-43DA-AA12-3537B46E4D16}.Debug|Any CPU.Build.0 = Debug|Any CPU
		{B376446C-5689-43DA-AA12-3537B46E4D16}.Release|Any CPU.ActiveCfg = Release|Any CPU
		{B376446C-5689-43DA-AA12-3537B46E4D16}.Release|Any CPU.Build.0 = Release|Any CPU
	EndGlobalSection
	GlobalSection(SolutionProperties) = preSolution
		HideSolutionNode = FALSE
	EndGlobalSection
	GlobalSection(ExtensibilityGlobals) = postSolution
		SolutionGuid = {3CC0B3CE-D206-4C39-B4B2-1636F1549361}
	EndGlobalSection
EndGlobal
