
Microsoft Visual Studio Solution File, Format Version 12.00
# Visual Studio Version 16
VisualStudioVersion = 16.0.30611.23
MinimumVisualStudioVersion = 10.0.40219.1
Project("{FAE04EC0-301F-11D3-BF4B-00C04F79EFBC}") = "WinFormApp_HitTheKeys", "WinFormApp_HitTheKeys.csproj", "{D0AB4F20-1E6B-4CED-877D-D4338CFC247B}"
EndProject
Global
	GlobalSection(SolutionConfigurationPlatforms) = preSolution
		Debug|Any CPU = Debug|Any CPU
		Release|Any CPU = Release|Any CPU
	EndGlobalSection
	GlobalSection(ProjectConfigurationPlatforms) = postSolution
		{D0AB4F20-1E6B-4CED-877D-D4338CFC247B}.Debug|Any CPU.ActiveCfg = Debug|Any CPU
		{D0AB4F20-1E6B-4CED-877D-D4338CFC247B}.Debug|Any CPU.Build.0 = Debug|Any CPU
		{D0AB4F20-1E6B-4CED-877D-D4338CFC247B}.Release|Any CPU.ActiveCfg = Release|Any CPU
		{D0AB4F20-1E6B-4CED-877D-D4338CFC247B}.Release|Any CPU.Build.0 = Release|Any CPU
	EndGlobalSection
	GlobalSection(SolutionProperties) = preSolution
		HideSolutionNode = FALSE
	EndGlobalSection
	GlobalSection(ExtensibilityGlobals) = postSolution
		SolutionGuid = {83B6D996-5A6A-4D6E-8964-19D7CD2EC17F}
	EndGlobalSection
EndGlobal
