
Microsoft Visual Studio Solution File, Format Version 12.00
# Visual Studio Version 16
VisualStudioVersion = 16.0.30503.244
MinimumVisualStudioVersion = 10.0.40219.1
Project("{FAE04EC0-301F-11D3-BF4B-00C04F79EFBC}") = "BasicCollection", "BasicCollection\BasicCollection.csproj", "{5D1CEF6F-EFAD-4B45-9D00-73F9A0AE2456}"
EndProject
Global
	GlobalSection(SolutionConfigurationPlatforms) = preSolution
		Debug|Any CPU = Debug|Any CPU
		Release|Any CPU = Release|Any CPU
	EndGlobalSection
	GlobalSection(ProjectConfigurationPlatforms) = postSolution
		{5D1CEF6F-EFAD-4B45-9D00-73F9A0AE2456}.Debug|Any CPU.ActiveCfg = Debug|Any CPU
		{5D1CEF6F-EFAD-4B45-9D00-73F9A0AE2456}.Debug|Any CPU.Build.0 = Debug|Any CPU
		{5D1CEF6F-EFAD-4B45-9D00-73F9A0AE2456}.Release|Any CPU.ActiveCfg = Release|Any CPU
		{5D1CEF6F-EFAD-4B45-9D00-73F9A0AE2456}.Release|Any CPU.Build.0 = Release|Any CPU
	EndGlobalSection
	GlobalSection(SolutionProperties) = preSolution
		HideSolutionNode = FALSE
	EndGlobalSection
	GlobalSection(ExtensibilityGlobals) = postSolution
		SolutionGuid = {773FF7E7-0F89-411D-933B-10752EB78C04}
	EndGlobalSection
EndGlobal
