
Microsoft Visual Studio Solution File, Format Version 12.00
# Visual Studio Version 16
VisualStudioVersion = 16.0.30611.23
MinimumVisualStudioVersion = 10.0.40219.1
Project("{FAE04EC0-301F-11D3-BF4B-00C04F79EFBC}") = "RandWindow", "RandWindow.csproj", "{4637488E-91A6-400F-8763-A422743B97F1}"
EndProject
Global
	GlobalSection(SolutionConfigurationPlatforms) = preSolution
		Debug|Any CPU = Debug|Any CPU
		Release|Any CPU = Release|Any CPU
	EndGlobalSection
	GlobalSection(ProjectConfigurationPlatforms) = postSolution
		{4637488E-91A6-400F-8763-A422743B97F1}.Debug|Any CPU.ActiveCfg = Debug|Any CPU
		{4637488E-91A6-400F-8763-A422743B97F1}.Debug|Any CPU.Build.0 = Debug|Any CPU
		{4637488E-91A6-400F-8763-A422743B97F1}.Release|Any CPU.ActiveCfg = Release|Any CPU
		{4637488E-91A6-400F-8763-A422743B97F1}.Release|Any CPU.Build.0 = Release|Any CPU
	EndGlobalSection
	GlobalSection(SolutionProperties) = preSolution
		HideSolutionNode = FALSE
	EndGlobalSection
	GlobalSection(ExtensibilityGlobals) = postSolution
		SolutionGuid = {56AEEA9E-1BC7-4488-B82C-C640FC54E7C2}
	EndGlobalSection
EndGlobal
