
Microsoft Visual Studio Solution File, Format Version 12.00
# Visual Studio Version 16
VisualStudioVersion = 16.0.30611.23
MinimumVisualStudioVersion = 10.0.40219.1
Project("{FAE04EC0-301F-11D3-BF4B-00C04F79EFBC}") = "second_application", "second_application.csproj", "{798DD75E-8F59-49EF-A90F-0243150CFD78}"
EndProject
Global
	GlobalSection(SolutionConfigurationPlatforms) = preSolution
		Debug|Any CPU = Debug|Any CPU
		Release|Any CPU = Release|Any CPU
	EndGlobalSection
	GlobalSection(ProjectConfigurationPlatforms) = postSolution
		{798DD75E-8F59-49EF-A90F-0243150CFD78}.Debug|Any CPU.ActiveCfg = Debug|Any CPU
		{798DD75E-8F59-49EF-A90F-0243150CFD78}.Debug|Any CPU.Build.0 = Debug|Any CPU
		{798DD75E-8F59-49EF-A90F-0243150CFD78}.Release|Any CPU.ActiveCfg = Release|Any CPU
		{798DD75E-8F59-49EF-A90F-0243150CFD78}.Release|Any CPU.Build.0 = Release|Any CPU
	EndGlobalSection
	GlobalSection(SolutionProperties) = preSolution
		HideSolutionNode = FALSE
	EndGlobalSection
	GlobalSection(ExtensibilityGlobals) = postSolution
		SolutionGuid = {E3FF0A19-A6CA-40EA-B9D4-8B6A4B92D884}
	EndGlobalSection
EndGlobal
