
Microsoft Visual Studio Solution File, Format Version 12.00
# Visual Studio Version 16
VisualStudioVersion = 16.0.30503.244
MinimumVisualStudioVersion = 10.0.40219.1
Project("{FAE04EC0-301F-11D3-BF4B-00C04F79EFBC}") = "test", "test\test.csproj", "{DFD55A22-30FC-46C3-A5CC-428D84D2CAB2}"
EndProject
Global
	GlobalSection(SolutionConfigurationPlatforms) = preSolution
		Debug|Any CPU = Debug|Any CPU
		Release|Any CPU = Release|Any CPU
	EndGlobalSection
	GlobalSection(ProjectConfigurationPlatforms) = postSolution
		{DFD55A22-30FC-46C3-A5CC-428D84D2CAB2}.Debug|Any CPU.ActiveCfg = Debug|Any CPU
		{DFD55A22-30FC-46C3-A5CC-428D84D2CAB2}.Debug|Any CPU.Build.0 = Debug|Any CPU
		{DFD55A22-30FC-46C3-A5CC-428D84D2CAB2}.Release|Any CPU.ActiveCfg = Release|Any CPU
		{DFD55A22-30FC-46C3-A5CC-428D84D2CAB2}.Release|Any CPU.Build.0 = Release|Any CPU
	EndGlobalSection
	GlobalSection(SolutionProperties) = preSolution
		HideSolutionNode = FALSE
	EndGlobalSection
	GlobalSection(ExtensibilityGlobals) = postSolution
		SolutionGuid = {5300C1C6-B0FE-49C0-BE76-BF739F3A735D}
	EndGlobalSection
EndGlobal
