
Microsoft Visual Studio Solution File, Format Version 12.00
# Visual Studio Version 16
VisualStudioVersion = 16.0.30503.244
MinimumVisualStudioVersion = 10.0.40219.1
Project("{FAE04EC0-301F-11D3-BF4B-00C04F79EFBC}") = "Serialize_People", "Serialize_People\Serialize_People.csproj", "{2FB529E6-7EE9-4B58-9045-7BA6DF59AF86}"
EndProject
Project("{2150E333-8FDC-42A3-9474-1A3956D46DE8}") = "Solution Items", "Solution Items", "{4C3CCDEC-14F6-4B3F-8B26-AB29B2FE1307}"
	ProjectSection(SolutionItems) = preProject
		Person.cs = Person.cs
	EndProjectSection
EndProject
Global
	GlobalSection(SolutionConfigurationPlatforms) = preSolution
		Debug|Any CPU = Debug|Any CPU
		Release|Any CPU = Release|Any CPU
	EndGlobalSection
	GlobalSection(ProjectConfigurationPlatforms) = postSolution
		{2FB529E6-7EE9-4B58-9045-7BA6DF59AF86}.Debug|Any CPU.ActiveCfg = Debug|Any CPU
		{2FB529E6-7EE9-4B58-9045-7BA6DF59AF86}.Debug|Any CPU.Build.0 = Debug|Any CPU
		{2FB529E6-7EE9-4B58-9045-7BA6DF59AF86}.Release|Any CPU.ActiveCfg = Release|Any CPU
		{2FB529E6-7EE9-4B58-9045-7BA6DF59AF86}.Release|Any CPU.Build.0 = Release|Any CPU
	EndGlobalSection
	GlobalSection(SolutionProperties) = preSolution
		HideSolutionNode = FALSE
	EndGlobalSection
	GlobalSection(ExtensibilityGlobals) = postSolution
		SolutionGuid = {8AD71FC0-EBAD-442A-A93A-A7AD4F2CD41C}
	EndGlobalSection
EndGlobal
