
Microsoft Visual Studio Solution File, Format Version 12.00
# Visual Studio Version 16
VisualStudioVersion = 16.0.30503.244
MinimumVisualStudioVersion = 10.0.40219.1
Project("{FAE04EC0-301F-11D3-BF4B-00C04F79EFBC}") = "CompressionDemo", "CompressionDemo\CompressionDemo.csproj", "{3D259C84-C1AA-4187-B2BC-E8DEA8BAAD9C}"
EndProject
Global
	GlobalSection(SolutionConfigurationPlatforms) = preSolution
		Debug|Any CPU = Debug|Any CPU
		Release|Any CPU = Release|Any CPU
	EndGlobalSection
	GlobalSection(ProjectConfigurationPlatforms) = postSolution
		{3D259C84-C1AA-4187-B2BC-E8DEA8BAAD9C}.Debug|Any CPU.ActiveCfg = Debug|Any CPU
		{3D259C84-C1AA-4187-B2BC-E8DEA8BAAD9C}.Debug|Any CPU.Build.0 = Debug|Any CPU
		{3D259C84-C1AA-4187-B2BC-E8DEA8BAAD9C}.Release|Any CPU.ActiveCfg = Release|Any CPU
		{3D259C84-C1AA-4187-B2BC-E8DEA8BAAD9C}.Release|Any CPU.Build.0 = Release|Any CPU
	EndGlobalSection
	GlobalSection(SolutionProperties) = preSolution
		HideSolutionNode = FALSE
	EndGlobalSection
	GlobalSection(ExtensibilityGlobals) = postSolution
		SolutionGuid = {62123FE5-0E82-4DEE-8298-6D559F7A51C1}
	EndGlobalSection
EndGlobal
